
Microsoft Visual Studio Solution File, Format Version 12.00
# Visual Studio 14
VisualStudioVersion = 14.0.24720.0
MinimumVisualStudioVersion = 10.0.40219.1
Project("{FAE04EC0-301F-11D3-BF4B-00C04F79EFBC}") = "HolisticWare.IDE.Tools.Projects.ProjectTypeGuidScraper.EXE.Cons", "HolisticWare.IDE.Tools.Projects.ProjectTypeGuidScraper.EXE.Cons\HolisticWare.IDE.Tools.Projects.ProjectTypeGuidScraper.EXE.Cons.csproj", "{18E344C3-DF6F-432C-82CA-7FEB383C0BAC}"
EndProject
Project("{2150E333-8FDC-42A3-9474-1A3956D46DE8}") = "Library", "Library", "{17C9A421-564C-4A4E-A368-705A4B1145D8}"
EndProject
Project("{FAE04EC0-301F-11D3-BF4B-00C04F79EFBC}") = "HolisticWare.IDE.Tools.Projects.DomainBusinessLogic.DLL", "..\source\HolisticWare.IDE.Tools.Projects.DomainBusinessLogic.DLL\HolisticWare.IDE.Tools.Projects.DomainBusinessLogic.DLL.csproj", "{AF9BED1D-AC73-4542-88D8-79C7672F6D69}"
EndProject
Global
	GlobalSection(SolutionConfigurationPlatforms) = preSolution
		Debug|Any CPU = Debug|Any CPU
		Release|Any CPU = Release|Any CPU
	EndGlobalSection
	GlobalSection(ProjectConfigurationPlatforms) = postSolution
		{18E344C3-DF6F-432C-82CA-7FEB383C0BAC}.Debug|Any CPU.ActiveCfg = Debug|Any CPU
		{18E344C3-DF6F-432C-82CA-7FEB383C0BAC}.Debug|Any CPU.Build.0 = Debug|Any CPU
		{18E344C3-DF6F-432C-82CA-7FEB383C0BAC}.Release|Any CPU.ActiveCfg = Release|Any CPU
		{18E344C3-DF6F-432C-82CA-7FEB383C0BAC}.Release|Any CPU.Build.0 = Release|Any CPU
		{AF9BED1D-AC73-4542-88D8-79C7672F6D69}.Debug|Any CPU.ActiveCfg = Debug|Any CPU
		{AF9BED1D-AC73-4542-88D8-79C7672F6D69}.Debug|Any CPU.Build.0 = Debug|Any CPU
		{AF9BED1D-AC73-4542-88D8-79C7672F6D69}.Release|Any CPU.ActiveCfg = Release|Any CPU
		{AF9BED1D-AC73-4542-88D8-79C7672F6D69}.Release|Any CPU.Build.0 = Release|Any CPU
	EndGlobalSection
	GlobalSection(SolutionProperties) = preSolution
		HideSolutionNode = FALSE
	EndGlobalSection
	GlobalSection(NestedProjects) = preSolution
		{AF9BED1D-AC73-4542-88D8-79C7672F6D69} = {17C9A421-564C-4A4E-A368-705A4B1145D8}
	EndGlobalSection
EndGlobal
